// !$*UTF8*$!
{
	archiveVersion = 1;
	classes = {
	};
	objectVersion = 77;
	objects = {

/* Begin PBXBuildFile section */
		67F86D242D8F0B28005F4264 /* Preview Assets.xcassets in Resources */ = {isa = PBXBuildFile; fileRef = 67F86D1E2D8F0B28005F4264 /* Preview Assets.xcassets */; };
		67F86D252D8F0B28005F4264 /* Assets.xcassets in Resources */ = {isa = PBXBuildFile; fileRef = 67F86D202D8F0B28005F4264 /* Assets.xcassets */; };
		67F86D262D8F0B28005F4264 /* ContentView.swift in Sources */ = {isa = PBXBuildFile; fileRef = 67F86D212D8F0B28005F4264 /* ContentView.swift */; };
		67F86D272D8F0B28005F4264 /* WeatherDemoApp.swift in Sources */ = {isa = PBXBuildFile; fileRef = 67F86D222D8F0B28005F4264 /* WeatherDemoApp.swift */; };
		67F86D2B2D8F0B56005F4264 /* LocationManager.swift in Sources */ = {isa = PBXBuildFile; fileRef = 67F86D2A2D8F0B50005F4264 /* LocationManager.swift */; };
/* End PBXBuildFile section */

/* Begin PBXContainerItemProxy section */
		67F86D002D8F0AF1005F4264 /* PBXContainerItemProxy */ = {
			isa = PBXContainerItemProxy;
			containerPortal = 67F86CE72D8F0AF0005F4264 /* Project object */;
			proxyType = 1;
			remoteGlobalIDString = 67F86CEE2D8F0AF0005F4264;
			remoteInfo = WeatherDemo;
		};
		67F86D0A2D8F0AF1005F4264 /* PBXContainerItemProxy */ = {
			isa = PBXContainerItemProxy;
			containerPortal = 67F86CE72D8F0AF0005F4264 /* Project object */;
			proxyType = 1;
			remoteGlobalIDString = 67F86CEE2D8F0AF0005F4264;
			remoteInfo = WeatherDemo;
		};
/* End PBXContainerItemProxy section */

/* Begin PBXFileReference section */
		67F86CEF2D8F0AF0005F4264 /* WeatherDemo.app */ = {isa = PBXFileReference; explicitFileType = wrapper.application; includeInIndex = 0; path = WeatherDemo.app; sourceTree = BUILT_PRODUCTS_DIR; };
		67F86CFF2D8F0AF1005F4264 /* WeatherDemoTests.xctest */ = {isa = PBXFileReference; explicitFileType = wrapper.cfbundle; includeInIndex = 0; path = WeatherDemoTests.xctest; sourceTree = BUILT_PRODUCTS_DIR; };
		67F86D092D8F0AF1005F4264 /* WeatherDemoUITests.xctest */ = {isa = PBXFileReference; explicitFileType = wrapper.cfbundle; includeInIndex = 0; path = WeatherDemoUITests.xctest; sourceTree = BUILT_PRODUCTS_DIR; };
		67F86D1E2D8F0B28005F4264 /* Preview Assets.xcassets */ = {isa = PBXFileReference; lastKnownFileType = folder.assetcatalog; path = "Preview Assets.xcassets"; sourceTree = "<group>"; };
		67F86D202D8F0B28005F4264 /* Assets.xcassets */ = {isa = PBXFileReference; lastKnownFileType = folder.assetcatalog; path = Assets.xcassets; sourceTree = "<group>"; };
		67F86D212D8F0B28005F4264 /* ContentView.swift */ = {isa = PBXFileReference; lastKnownFileType = sourcecode.swift; path = ContentView.swift; sourceTree = "<group>"; };
		67F86D222D8F0B28005F4264 /* WeatherDemoApp.swift */ = {isa = PBXFileReference; lastKnownFileType = sourcecode.swift; path = WeatherDemoApp.swift; sourceTree = "<group>"; };
		67F86D2A2D8F0B50005F4264 /* LocationManager.swift */ = {isa = PBXFileReference; lastKnownFileType = sourcecode.swift; path = LocationManager.swift; sourceTree = "<group>"; };
/* End PBXFileReference section */

/* Begin PBXFileSystemSynchronizedRootGroup section */
		67F86D022D8F0AF1005F4264 /* WeatherDemoTests */ = {
			isa = PBXFileSystemSynchronizedRootGroup;
			path = WeatherDemoTests;
			sourceTree = "<group>";
		};
		67F86D0C2D8F0AF1005F4264 /* WeatherDemoUITests */ = {
			isa = PBXFileSystemSynchronizedRootGroup;
			path = WeatherDemoUITests;
			sourceTree = "<group>";
		};
/* End PBXFileSystemSynchronizedRootGroup section */

/* Begin PBXFrameworksBuildPhase section */
		67F86CEC2D8F0AF0005F4264 /* Frameworks */ = {
			isa = PBXFrameworksBuildPhase;
			buildActionMask = 2147483647;
			files = (
			);
			runOnlyForDeploymentPostprocessing = 0;
		};
		67F86CFC2D8F0AF1005F4264 /* Frameworks */ = {
			isa = PBXFrameworksBuildPhase;
			buildActionMask = 2147483647;
			files = (
			);
			runOnlyForDeploymentPostprocessing = 0;
		};
		67F86D062D8F0AF1005F4264 /* Frameworks */ = {
			isa = PBXFrameworksBuildPhase;
			buildActionMask = 2147483647;
			files = (
			);
			runOnlyForDeploymentPostprocessing = 0;
		};
/* End PBXFrameworksBuildPhase section */

/* Begin PBXGroup section */
		67F86CE62D8F0AF0005F4264 = {
			isa = PBXGroup;
			children = (
				67F86D1C2D8F0AFA005F4264 /* New Group */,
				67F86D022D8F0AF1005F4264 /* WeatherDemoTests */,
				67F86D0C2D8F0AF1005F4264 /* WeatherDemoUITests */,
				67F86CF02D8F0AF0005F4264 /* Products */,
			);
			sourceTree = "<group>";
		};
		67F86CF02D8F0AF0005F4264 /* Products */ = {
			isa = PBXGroup;
			children = (
				67F86CEF2D8F0AF0005F4264 /* WeatherDemo.app */,
				67F86CFF2D8F0AF1005F4264 /* WeatherDemoTests.xctest */,
				67F86D092D8F0AF1005F4264 /* WeatherDemoUITests.xctest */,
			);
			name = Products;
			sourceTree = "<group>";
		};
		67F86D1C2D8F0AFA005F4264 /* New Group */ = {
			isa = PBXGroup;
			children = (
				67F86D232D8F0B28005F4264 /* WeatherDemo */,
			);
			path = "New Group";
			sourceTree = "<group>";
		};
		67F86D1F2D8F0B28005F4264 /* Preview Content */ = {
			isa = PBXGroup;
			children = (
				67F86D1E2D8F0B28005F4264 /* Preview Assets.xcassets */,
			);
			path = "Preview Content";
			sourceTree = "<group>";
		};
		67F86D232D8F0B28005F4264 /* WeatherDemo */ = {
			isa = PBXGroup;
			children = (
				67F86D292D8F0B41005F4264 /* Managers */,
				67F86D282D8F0B2C005F4264 /* Views */,
				67F86D1F2D8F0B28005F4264 /* Preview Content */,
				67F86D202D8F0B28005F4264 /* Assets.xcassets */,
				67F86D222D8F0B28005F4264 /* WeatherDemoApp.swift */,
			);
			path = WeatherDemo;
			sourceTree = "<group>";
		};
		67F86D282D8F0B2C005F4264 /* Views */ = {
			isa = PBXGroup;
			children = (
				67F86D212D8F0B28005F4264 /* ContentView.swift */,
			);
			path = Views;
			sourceTree = "<group>";
		};
		67F86D292D8F0B41005F4264 /* Managers */ = {
			isa = PBXGroup;
			children = (
				67F86D2A2D8F0B50005F4264 /* LocationManager.swift */,
			);
			path = Managers;
			sourceTree = "<group>";
		};
/* End PBXGroup section */

/* Begin PBXNativeTarget section */
		67F86CEE2D8F0AF0005F4264 /* WeatherDemo */ = {
			isa = PBXNativeTarget;
			buildConfigurationList = 67F86D132D8F0AF1005F4264 /* Build configuration list for PBXNativeTarget "WeatherDemo" */;
			buildPhases = (
				67F86CEB2D8F0AF0005F4264 /* Sources */,
				67F86CEC2D8F0AF0005F4264 /* Frameworks */,
				67F86CED2D8F0AF0005F4264 /* Resources */,
			);
			buildRules = (
			);
			dependencies = (
			);
			name = WeatherDemo;
			packageProductDependencies = (
			);
			productName = WeatherDemo;
			productReference = 67F86CEF2D8F0AF0005F4264 /* WeatherDemo.app */;
			productType = "com.apple.product-type.application";
		};
		67F86CFE2D8F0AF1005F4264 /* WeatherDemoTests */ = {
			isa = PBXNativeTarget;
			buildConfigurationList = 67F86D162D8F0AF1005F4264 /* Build configuration list for PBXNativeTarget "WeatherDemoTests" */;
			buildPhases = (
				67F86CFB2D8F0AF1005F4264 /* Sources */,
				67F86CFC2D8F0AF1005F4264 /* Frameworks */,
				67F86CFD2D8F0AF1005F4264 /* Resources */,
			);
			buildRules = (
			);
			dependencies = (
				67F86D012D8F0AF1005F4264 /* PBXTargetDependency */,
			);
			fileSystemSynchronizedGroups = (
				67F86D022D8F0AF1005F4264 /* WeatherDemoTests */,
			);
			name = WeatherDemoTests;
			packageProductDependencies = (
			);
			productName = WeatherDemoTests;
			productReference = 67F86CFF2D8F0AF1005F4264 /* WeatherDemoTests.xctest */;
			productType = "com.apple.product-type.bundle.unit-test";
		};
		67F86D082D8F0AF1005F4264 /* WeatherDemoUITests */ = {
			isa = PBXNativeTarget;
			buildConfigurationList = 67F86D192D8F0AF1005F4264 /* Build configuration list for PBXNativeTarget "WeatherDemoUITests" */;
			buildPhases = (
				67F86D052D8F0AF1005F4264 /* Sources */,
				67F86D062D8F0AF1005F4264 /* Frameworks */,
				67F86D072D8F0AF1005F4264 /* Resources */,
			);
			buildRules = (
			);
			dependencies = (
				67F86D0B2D8F0AF1005F4264 /* PBXTargetDependency */,
			);
			fileSystemSynchronizedGroups = (
				67F86D0C2D8F0AF1005F4264 /* WeatherDemoUITests */,
			);
			name = WeatherDemoUITests;
			packageProductDependencies = (
			);
			productName = WeatherDemoUITests;
			productReference = 67F86D092D8F0AF1005F4264 /* WeatherDemoUITests.xctest */;
			productType = "com.apple.product-type.bundle.ui-testing";
		};
/* End PBXNativeTarget section */

/* Begin PBXProject section */
		67F86CE72D8F0AF0005F4264 /* Project object */ = {
			isa = PBXProject;
			attributes = {
				BuildIndependentTargetsInParallel = 1;
				LastSwiftUpdateCheck = 1620;
				LastUpgradeCheck = 1620;
				TargetAttributes = {
					67F86CEE2D8F0AF0005F4264 = {
						CreatedOnToolsVersion = 16.2;
					};
					67F86CFE2D8F0AF1005F4264 = {
						CreatedOnToolsVersion = 16.2;
						TestTargetID = 67F86CEE2D8F0AF0005F4264;
					};
					67F86D082D8F0AF1005F4264 = {
						CreatedOnToolsVersion = 16.2;
						TestTargetID = 67F86CEE2D8F0AF0005F4264;
					};
				};
			};
			buildConfigurationList = 67F86CEA2D8F0AF0005F4264 /* Build configuration list for PBXProject "WeatherDemo" */;
			developmentRegion = en;
			hasScannedForEncodings = 0;
			knownRegions = (
				en,
				Base,
			);
			mainGroup = 67F86CE62D8F0AF0005F4264;
			minimizedProjectReferenceProxies = 1;
			preferredProjectObjectVersion = 77;
			productRefGroup = 67F86CF02D8F0AF0005F4264 /* Products */;
			projectDirPath = "";
			projectRoot = "";
			targets = (
				67F86CEE2D8F0AF0005F4264 /* WeatherDemo */,
				67F86CFE2D8F0AF1005F4264 /* WeatherDemoTests */,
				67F86D082D8F0AF1005F4264 /* WeatherDemoUITests */,
			);
		};
/* End PBXProject section */

/* Begin PBXResourcesBuildPhase section */
		67F86CED2D8F0AF0005F4264 /* Resources */ = {
			isa = PBXResourcesBuildPhase;
			buildActionMask = 2147483647;
			files = (
				67F86D242D8F0B28005F4264 /* Preview Assets.xcassets in Resources */,
				67F86D252D8F0B28005F4264 /* Assets.xcassets in Resources */,
			);
			runOnlyForDeploymentPostprocessing = 0;
		};
		67F86CFD2D8F0AF1005F4264 /* Resources */ = {
			isa = PBXResourcesBuildPhase;
			buildActionMask = 2147483647;
			files = (
			);
			runOnlyForDeploymentPostprocessing = 0;
		};
		67F86D072D8F0AF1005F4264 /* Resources */ = {
			isa = PBXResourcesBuildPhase;
			buildActionMask = 2147483647;
			files = (
			);
			runOnlyForDeploymentPostprocessing = 0;
		};
/* End PBXResourcesBuildPhase section */

/* Begin PBXSourcesBuildPhase section */
		67F86CEB2D8F0AF0005F4264 /* Sources */ = {
			isa = PBXSourcesBuildPhase;
			buildActionMask = 2147483647;
			files = (
				67F86D262D8F0B28005F4264 /* ContentView.swift in Sources */,
				67F86D272D8F0B28005F4264 /* WeatherDemoApp.swift in Sources */,
				67F86D2B2D8F0B56005F4264 /* LocationManager.swift in Sources */,
			);
			runOnlyForDeploymentPostprocessing = 0;
		};
		67F86CFB2D8F0AF1005F4264 /* Sources */ = {
			isa = PBXSourcesBuildPhase;
			buildActionMask = 2147483647;
			files = (
			);
			runOnlyForDeploymentPostprocessing = 0;
		};
		67F86D052D8F0AF1005F4264 /* Sources */ = {
			isa = PBXSourcesBuildPhase;
			buildActionMask = 2147483647;
			files = (
			);
			runOnlyForDeploymentPostprocessing = 0;
		};
/* End PBXSourcesBuildPhase section */

/* Begin PBXTargetDependency section */
		67F86D012D8F0AF1005F4264 /* PBXTargetDependency */ = {
			isa = PBXTargetDependency;
			target = 67F86CEE2D8F0AF0005F4264 /* WeatherDemo */;
			targetProxy = 67F86D002D8F0AF1005F4264 /* PBXContainerItemProxy */;
		};
		67F86D0B2D8F0AF1005F4264 /* PBXTargetDependency */ = {
			isa = PBXTargetDependency;
			target = 67F86CEE2D8F0AF0005F4264 /* WeatherDemo */;
			targetProxy = 67F86D0A2D8F0AF1005F4264 /* PBXContainerItemProxy */;
		};
/* End PBXTargetDependency section */

/* Begin XCBuildConfiguration section */
		67F86D112D8F0AF1005F4264 /* Debug */ = {
			isa = XCBuildConfiguration;
			buildSettings = {
				ALWAYS_SEARCH_USER_PATHS = NO;
				ASSETCATALOG_COMPILER_GENERATE_SWIFT_ASSET_SYMBOL_EXTENSIONS = YES;
				CLANG_ANALYZER_NONNULL = YES;
				CLANG_ANALYZER_NUMBER_OBJECT_CONVERSION = YES_AGGRESSIVE;
				CLANG_CXX_LANGUAGE_STANDARD = "gnu++20";
				CLANG_ENABLE_MODULES = YES;
				CLANG_ENABLE_OBJC_ARC = YES;
				CLANG_ENABLE_OBJC_WEAK = YES;
				CLANG_WARN_BLOCK_CAPTURE_AUTORELEASING = YES;
				CLANG_WARN_BOOL_CONVERSION = YES;
				CLANG_WARN_COMMA = YES;
				CLANG_WARN_CONSTANT_CONVERSION = YES;
				CLANG_WARN_DEPRECATED_OBJC_IMPLEMENTATIONS = YES;
				CLANG_WARN_DIRECT_OBJC_ISA_USAGE = YES_ERROR;
				CLANG_WARN_DOCUMENTATION_COMMENTS = YES;
				CLANG_WARN_EMPTY_BODY = YES;
				CLANG_WARN_ENUM_CONVERSION = YES;
				CLANG_WARN_INFINITE_RECURSION = YES;
				CLANG_WARN_INT_CONVERSION = YES;
				CLANG_WARN_NON_LITERAL_NULL_CONVERSION = YES;
				CLANG_WARN_OBJC_IMPLICIT_RETAIN_SELF = YES;
				CLANG_WARN_OBJC_LITERAL_CONVERSION = YES;
				CLANG_WARN_OBJC_ROOT_CLASS = YES_ERROR;
				CLANG_WARN_QUOTED_INCLUDE_IN_FRAMEWORK_HEADER = YES;
				CLANG_WARN_RANGE_LOOP_ANALYSIS = YES;
				CLANG_WARN_STRICT_PROTOTYPES = YES;
				CLANG_WARN_SUSPICIOUS_MOVE = YES;
				CLANG_WARN_UNGUARDED_AVAILABILITY = YES_AGGRESSIVE;
				CLANG_WARN_UNREACHABLE_CODE = YES;
				CLANG_WARN__DUPLICATE_METHOD_MATCH = YES;
				COPY_PHASE_STRIP = NO;
				DEBUG_INFORMATION_FORMAT = dwarf;
				ENABLE_STRICT_OBJC_MSGSEND = YES;
				ENABLE_TESTABILITY = YES;
				ENABLE_USER_SCRIPT_SANDBOXING = YES;
				GCC_C_LANGUAGE_STANDARD = gnu17;
				GCC_DYNAMIC_NO_PIC = NO;
				GCC_NO_COMMON_BLOCKS = YES;
				GCC_OPTIMIZATION_LEVEL = 0;
				GCC_PREPROCESSOR_DEFINITIONS = (
					"DEBUG=1",
					"$(inherited)",
				);
				GCC_WARN_64_TO_32_BIT_CONVERSION = YES;
				GCC_WARN_ABOUT_RETURN_TYPE = YES_ERROR;
				GCC_WARN_UNDECLARED_SELECTOR = YES;
				GCC_WARN_UNINITIALIZED_AUTOS = YES_AGGRESSIVE;
				GCC_WARN_UNUSED_FUNCTION = YES;
				GCC_WARN_UNUSED_VARIABLE = YES;
				IPHONEOS_DEPLOYMENT_TARGET = 18.2;
				LOCALIZATION_PREFERS_STRING_CATALOGS = YES;
				MTL_ENABLE_DEBUG_INFO = INCLUDE_SOURCE;
				MTL_FAST_MATH = YES;
				ONLY_ACTIVE_ARCH = YES;
				SDKROOT = iphoneos;
				SWIFT_ACTIVE_COMPILATION_CONDITIONS = "DEBUG $(inherited)";
				SWIFT_OPTIMIZATION_LEVEL = "-Onone";
			};
			name = Debug;
		};
		67F86D122D8F0AF1005F4264 /* Release */ = {
			isa = XCBuildConfiguration;
			buildSettings = {
				ALWAYS_SEARCH_USER_PATHS = NO;
				ASSETCATALOG_COMPILER_GENERATE_SWIFT_ASSET_SYMBOL_EXTENSIONS = YES;
				CLANG_ANALYZER_NONNULL = YES;
				CLANG_ANALYZER_NUMBER_OBJECT_CONVERSION = YES_AGGRESSIVE;
				CLANG_CXX_LANGUAGE_STANDARD = "gnu++20";
				CLANG_ENABLE_MODULES = YES;
				CLANG_ENABLE_OBJC_ARC = YES;
				CLANG_ENABLE_OBJC_WEAK = YES;
				CLANG_WARN_BLOCK_CAPTURE_AUTORELEASING = YES;
				CLANG_WARN_BOOL_CONVERSION = YES;
				CLANG_WARN_COMMA = YES;
				CLANG_WARN_CONSTANT_CONVERSION = YES;
				CLANG_WARN_DEPRECATED_OBJC_IMPLEMENTATIONS = YES;
				CLANG_WARN_DIRECT_OBJC_ISA_USAGE = YES_ERROR;
				CLANG_WARN_DOCUMENTATION_COMMENTS = YES;
				CLANG_WARN_EMPTY_BODY = YES;
				CLANG_WARN_ENUM_CONVERSION = YES;
				CLANG_WARN_INFINITE_RECURSION = YES;
				CLANG_WARN_INT_CONVERSION = YES;
				CLANG_WARN_NON_LITERAL_NULL_CONVERSION = YES;
				CLANG_WARN_OBJC_IMPLICIT_RETAIN_SELF = YES;
				CLANG_WARN_OBJC_LITERAL_CONVERSION = YES;
				CLANG_WARN_OBJC_ROOT_CLASS = YES_ERROR;
				CLANG_WARN_QUOTED_INCLUDE_IN_FRAMEWORK_HEADER = YES;
				CLANG_WARN_RANGE_LOOP_ANALYSIS = YES;
				CLANG_WARN_STRICT_PROTOTYPES = YES;
				CLANG_WARN_SUSPICIOUS_MOVE = YES;
				CLANG_WARN_UNGUARDED_AVAILABILITY = YES_AGGRESSIVE;
				CLANG_WARN_UNREACHABLE_CODE = YES;
				CLANG_WARN__DUPLICATE_METHOD_MATCH = YES;
				COPY_PHASE_STRIP = NO;
				DEBUG_INFORMATION_FORMAT = "dwarf-with-dsym";
				ENABLE_NS_ASSERTIONS = NO;
				ENABLE_STRICT_OBJC_MSGSEND = YES;
				ENABLE_USER_SCRIPT_SANDBOXING = YES;
				GCC_C_LANGUAGE_STANDARD = gnu17;
				GCC_NO_COMMON_BLOCKS = YES;
				GCC_WARN_64_TO_32_BIT_CONVERSION = YES;
				GCC_WARN_ABOUT_RETURN_TYPE = YES_ERROR;
				GCC_WARN_UNDECLARED_SELECTOR = YES;
				GCC_WARN_UNINITIALIZED_AUTOS = YES_AGGRESSIVE;
				GCC_WARN_UNUSED_FUNCTION = YES;
				GCC_WARN_UNUSED_VARIABLE = YES;
				IPHONEOS_DEPLOYMENT_TARGET = 18.2;
				LOCALIZATION_PREFERS_STRING_CATALOGS = YES;
				MTL_ENABLE_DEBUG_INFO = NO;
				MTL_FAST_MATH = YES;
				SDKROOT = iphoneos;
				SWIFT_COMPILATION_MODE = wholemodule;
				VALIDATE_PRODUCT = YES;
			};
			name = Release;
		};
		67F86D142D8F0AF1005F4264 /* Debug */ = {
			isa = XCBuildConfiguration;
			buildSettings = {
				ASSETCATALOG_COMPILER_APPICON_NAME = AppIcon;
				ASSETCATALOG_COMPILER_GLOBAL_ACCENT_COLOR_NAME = AccentColor;
				CODE_SIGN_STYLE = Automatic;
				CURRENT_PROJECT_VERSION = 1;
				DEVELOPMENT_ASSET_PATHS = "\"WeatherDemo/Preview Content\"";
				ENABLE_PREVIEWS = YES;
				GENERATE_INFOPLIST_FILE = YES;
				INFOPLIST_KEY_UIApplicationSceneManifest_Generation = YES;
				INFOPLIST_KEY_UIApplicationSupportsIndirectInputEvents = YES;
				INFOPLIST_KEY_UILaunchScreen_Generation = YES;
				INFOPLIST_KEY_UISupportedInterfaceOrientations_iPad = "UIInterfaceOrientationPortrait UIInterfaceOrientationPortraitUpsideDown UIInterfaceOrientationLandscapeLeft UIInterfaceOrientationLandscapeRight";
				INFOPLIST_KEY_UISupportedInterfaceOrientations_iPhone = "UIInterfaceOrientationPortrait UIInterfaceOrientationLandscapeLeft UIInterfaceOrientationLandscapeRight";
				LD_RUNPATH_SEARCH_PATHS = (
					"$(inherited)",
					"@executable_path/Frameworks",
				);
				MARKETING_VERSION = 1.0;
				PRODUCT_BUNDLE_IDENTIFIER = buraksapps.WeatherDemo;
				PRODUCT_NAME = "$(TARGET_NAME)";
				SWIFT_EMIT_LOC_STRINGS = YES;
				SWIFT_VERSION = 5.0;
				TARGETED_DEVICE_FAMILY = "1,2";
			};
			name = Debug;
		};
		67F86D152D8F0AF1005F4264 /* Release */ = {
			isa = XCBuildConfiguration;
			buildSettings = {
				ASSETCATALOG_COMPILER_APPICON_NAME = AppIcon;
				ASSETCATALOG_COMPILER_GLOBAL_ACCENT_COLOR_NAME = AccentColor;
				CODE_SIGN_STYLE = Automatic;
				CURRENT_PROJECT_VERSION = 1;
				DEVELOPMENT_ASSET_PATHS = "\"WeatherDemo/Preview Content\"";
				ENABLE_PREVIEWS = YES;
				GENERATE_INFOPLIST_FILE = YES;
				INFOPLIST_KEY_UIApplicationSceneManifest_Generation = YES;
				INFOPLIST_KEY_UIApplicationSupportsIndirectInputEvents = YES;
				INFOPLIST_KEY_UILaunchScreen_Generation = YES;
				INFOPLIST_KEY_UISupportedInterfaceOrientations_iPad = "UIInterfaceOrientationPortrait UIInterfaceOrientationPortraitUpsideDown UIInterfaceOrientationLandscapeLeft UIInterfaceOrientationLandscapeRight";
				INFOPLIST_KEY_UISupportedInterfaceOrientations_iPhone = "UIInterfaceOrientationPortrait UIInterfaceOrientationLandscapeLeft UIInterfaceOrientationLandscapeRight";
				LD_RUNPATH_SEARCH_PATHS = (
					"$(inherited)",
					"@executable_path/Frameworks",
				);
				MARKETING_VERSION = 1.0;
				PRODUCT_BUNDLE_IDENTIFIER = buraksapps.WeatherDemo;
				PRODUCT_NAME = "$(TARGET_NAME)";
				SWIFT_EMIT_LOC_STRINGS = YES;
				SWIFT_VERSION = 5.0;
				TARGETED_DEVICE_FAMILY = "1,2";
			};
			name = Release;
		};
		67F86D172D8F0AF1005F4264 /* Debug */ = {
			isa = XCBuildConfiguration;
			buildSettings = {
				BUNDLE_LOADER = "$(TEST_HOST)";
				CODE_SIGN_STYLE = Automatic;
				CURRENT_PROJECT_VERSION = 1;
				GENERATE_INFOPLIST_FILE = YES;
				IPHONEOS_DEPLOYMENT_TARGET = 18.2;
				MARKETING_VERSION = 1.0;
				PRODUCT_BUNDLE_IDENTIFIER = buraksapps.WeatherDemoTests;
				PRODUCT_NAME = "$(TARGET_NAME)";
				SWIFT_EMIT_LOC_STRINGS = NO;
				SWIFT_VERSION = 5.0;
				TARGETED_DEVICE_FAMILY = "1,2";
				TEST_HOST = "$(BUILT_PRODUCTS_DIR)/WeatherDemo.app/$(BUNDLE_EXECUTABLE_FOLDER_PATH)/WeatherDemo";
			};
			name = Debug;
		};
		67F86D182D8F0AF1005F4264 /* Release */ = {
			isa = XCBuildConfiguration;
			buildSettings = {
				BUNDLE_LOADER = "$(TEST_HOST)";
				CODE_SIGN_STYLE = Automatic;
				CURRENT_PROJECT_VERSION = 1;
				GENERATE_INFOPLIST_FILE = YES;
				IPHONEOS_DEPLOYMENT_TARGET = 18.2;
				MARKETING_VERSION = 1.0;
				PRODUCT_BUNDLE_IDENTIFIER = buraksapps.WeatherDemoTests;
				PRODUCT_NAME = "$(TARGET_NAME)";
				SWIFT_EMIT_LOC_STRINGS = NO;
				SWIFT_VERSION = 5.0;
				TARGETED_DEVICE_FAMILY = "1,2";
				TEST_HOST = "$(BUILT_PRODUCTS_DIR)/WeatherDemo.app/$(BUNDLE_EXECUTABLE_FOLDER_PATH)/WeatherDemo";
			};
			name = Release;
		};
		67F86D1A2D8F0AF1005F4264 /* Debug */ = {
			isa = XCBuildConfiguration;
			buildSettings = {
				CODE_SIGN_STYLE = Automatic;
				CURRENT_PROJECT_VERSION = 1;
				GENERATE_INFOPLIST_FILE = YES;
				MARKETING_VERSION = 1.0;
				PRODUCT_BUNDLE_IDENTIFIER = buraksapps.WeatherDemoUITests;
				PRODUCT_NAME = "$(TARGET_NAME)";
				SWIFT_EMIT_LOC_STRINGS = NO;
				SWIFT_VERSION = 5.0;
				TARGETED_DEVICE_FAMILY = "1,2";
				TEST_TARGET_NAME = WeatherDemo;
			};
			name = Debug;
		};
		67F86D1B2D8F0AF1005F4264 /* Release */ = {
			isa = XCBuildConfiguration;
			buildSettings = {
				CODE_SIGN_STYLE = Automatic;
				CURRENT_PROJECT_VERSION = 1;
				GENERATE_INFOPLIST_FILE = YES;
				MARKETING_VERSION = 1.0;
				PRODUCT_BUNDLE_IDENTIFIER = buraksapps.WeatherDemoUITests;
				PRODUCT_NAME = "$(TARGET_NAME)";
				SWIFT_EMIT_LOC_STRINGS = NO;
				SWIFT_VERSION = 5.0;
				TARGETED_DEVICE_FAMILY = "1,2";
				TEST_TARGET_NAME = WeatherDemo;
			};
			name = Release;
		};
/* End XCBuildConfiguration section */

/* Begin XCConfigurationList section */
		67F86CEA2D8F0AF0005F4264 /* Build configuration list for PBXProject "WeatherDemo" */ = {
			isa = XCConfigurationList;
			buildConfigurations = (
				67F86D112D8F0AF1005F4264 /* Debug */,
				67F86D122D8F0AF1005F4264 /* Release */,
			);
			defaultConfigurationIsVisible = 0;
			defaultConfigurationName = Release;
		};
		67F86D132D8F0AF1005F4264 /* Build configuration list for PBXNativeTarget "WeatherDemo" */ = {
			isa = XCConfigurationList;
			buildConfigurations = (
				67F86D142D8F0AF1005F4264 /* Debug */,
				67F86D152D8F0AF1005F4264 /* Release */,
			);
			defaultConfigurationIsVisible = 0;
			defaultConfigurationName = Release;
		};
		67F86D162D8F0AF1005F4264 /* Build configuration list for PBXNativeTarget "WeatherDemoTests" */ = {
			isa = XCConfigurationList;
			buildConfigurations = (
				67F86D172D8F0AF1005F4264 /* Debug */,
				67F86D182D8F0AF1005F4264 /* Release */,
			);
			defaultConfigurationIsVisible = 0;
			defaultConfigurationName = Release;
		};
		67F86D192D8F0AF1005F4264 /* Build configuration list for PBXNativeTarget "WeatherDemoUITests" */ = {
			isa = XCConfigurationList;
			buildConfigurations = (
				67F86D1A2D8F0AF1005F4264 /* Debug */,
				67F86D1B2D8F0AF1005F4264 /* Release */,
			);
			defaultConfigurationIsVisible = 0;
			defaultConfigurationName = Release;
		};
/* End XCConfigurationList section */
	};
	rootObject = 67F86CE72D8F0AF0005F4264 /* Project object */;
}
